
Microsoft Visual Studio Solution File, Format Version 12.00
# Visual Studio Version 17
VisualStudioVersion = 17.9.34607.119
MinimumVisualStudioVersion = 10.0.40219.1
Project("{FAE04EC0-301F-11D3-BF4B-00C04F79EFBC}") = "TP3_.NET", "TP3_.NET\TP3_.NET.csproj", "{C78B4BEE-3794-44A7-B781-3B056881E955}"
EndProject
Global
	GlobalSection(SolutionConfigurationPlatforms) = preSolution
		Debug|Any CPU = Debug|Any CPU
		Release|Any CPU = Release|Any CPU
	EndGlobalSection
	GlobalSection(ProjectConfigurationPlatforms) = postSolution
		{C78B4BEE-3794-44A7-B781-3B056881E955}.Debug|Any CPU.ActiveCfg = Debug|Any CPU
		{C78B4BEE-3794-44A7-B781-3B056881E955}.Debug|Any CPU.Build.0 = Debug|Any CPU
		{C78B4BEE-3794-44A7-B781-3B056881E955}.Release|Any CPU.ActiveCfg = Release|Any CPU
		{C78B4BEE-3794-44A7-B781-3B056881E955}.Release|Any CPU.Build.0 = Release|Any CPU
	EndGlobalSection
	GlobalSection(SolutionProperties) = preSolution
		HideSolutionNode = FALSE
	EndGlobalSection
	GlobalSection(ExtensibilityGlobals) = postSolution
		SolutionGuid = {493A73BE-59ED-4B74-8FC0-AD1C01A1409E}
	EndGlobalSection
EndGlobal
